dependencies:
  dernasherbrezon/sx127x:
    component_hash: 10ab7be920975e282c93610391c2cbfad25eaf8bfa6cd9c4f8f0be765ddc4b28
    dependencies: []
    source:
      registry_url: https://components.espressif.com/
      type: service
    version: 3.2.1
  idf:
    source:
      type: idf
    version: 5.3.1
  lvgl/lvgl:
    component_hash: d7c1ac037ae6e85d94897f807d6e7ba0946a83e720074fc95a4f6241da9f9f53
    dependencies: []
    source:
      registry_url: https://components.espressif.com/
      type: service
    version: 8.4.0
direct_dependencies:
- dernasherbrezon/sx127x
- idf
- lvgl/lvgl
manifest_hash: 5f364793d2a91eba484b2b1dc8bbe0b4fc887169b83bb331b7ed1294bd0635ce
target: esp32s3
version: 2.0.0
